// !$*UTF8*$!
{
	archiveVersion = 1;
	classes = {
	};
	objectVersion = 55;
	objects = {

/* Begin PBXBuildFile section */
		BC2B9B3E280D3F1C008B2AF4 /* AppDelegate.swift in Sources */ = {isa = PBXBuildFile; fileRef = BC2B9B3D280D3F1C008B2AF4 /* AppDelegate.swift */; };
		BC2B9B40280D3F1C008B2AF4 /* SceneDelegate.swift in Sources */ = {isa = PBXBuildFile; fileRef = BC2B9B3F280D3F1C008B2AF4 /* SceneDelegate.swift */; };
		BC2B9B42280D3F1C008B2AF4 /* ViewController.swift in Sources */ = {isa = PBXBuildFile; fileRef = BC2B9B41280D3F1C008B2AF4 /* ViewController.swift */; };
		BC2B9B45280D3F1C008B2AF4 /* Main.storyboard in Resources */ = {isa = PBXBuildFile; fileRef = BC2B9B43280D3F1C008B2AF4 /* Main.storyboard */; };
		BC2B9B47280D3F1E008B2AF4 /* Assets.xcassets in Resources */ = {isa = PBXBuildFile; fileRef = BC2B9B46280D3F1E008B2AF4 /* Assets.xcassets */; };
		BC2B9B4A280D3F1E008B2AF4 /* LaunchScreen.storyboard in Resources */ = {isa = PBXBuildFile; fileRef = BC2B9B48280D3F1E008B2AF4 /* LaunchScreen.storyboard */; };
		BC2B9B53280D4033008B2AF4 /* TestSubscriber.swift in Sources */ = {isa = PBXBuildFile; fileRef = BC2B9B52280D4033008B2AF4 /* TestSubscriber.swift */; };
		BC2B9B55280D403D008B2AF4 /* TestButton.swift in Sources */ = {isa = PBXBuildFile; fileRef = BC2B9B54280D403D008B2AF4 /* TestButton.swift */; };
		BC2B9B57280D4058008B2AF4 /* UIControl+Combine.swift in Sources */ = {isa = PBXBuildFile; fileRef = BC2B9B56280D4058008B2AF4 /* UIControl+Combine.swift */; };
		BC2B9B59280E4CEB008B2AF4 /* UIControEvent+ActionKey.swift in Sources */ = {isa = PBXBuildFile; fileRef = BC2B9B58280E4CEA008B2AF4 /* UIControEvent+ActionKey.swift */; };
/* End PBXBuildFile section */

/* Begin PBXFileReference section */
		BC2B9B3A280D3F1C008B2AF4 /* Combine-Memory.app */ = {isa = PBXFileReference; explicitFileType = wrapper.application; includeInIndex = 0; path = "Combine-Memory.app"; sourceTree = BUILT_PRODUCTS_DIR; };
		BC2B9B3D280D3F1C008B2AF4 /* AppDelegate.swift */ = {isa = PBXFileReference; lastKnownFileType = sourcecode.swift; path = AppDelegate.swift; sourceTree = "<group>"; };
		BC2B9B3F280D3F1C008B2AF4 /* SceneDelegate.swift */ = {isa = PBXFileReference; lastKnownFileType = sourcecode.swift; path = SceneDelegate.swift; sourceTree = "<group>"; };
		BC2B9B41280D3F1C008B2AF4 /* ViewController.swift */ = {isa = PBXFileReference; lastKnownFileType = sourcecode.swift; path = ViewController.swift; sourceTree = "<group>"; };
		BC2B9B44280D3F1C008B2AF4 /* Base */ = {isa = PBXFileReference; lastKnownFileType = file.storyboard; name = Base; path = Base.lproj/Main.storyboard; sourceTree = "<group>"; };
		BC2B9B46280D3F1E008B2AF4 /* Assets.xcassets */ = {isa = PBXFileReference; lastKnownFileType = folder.assetcatalog; path = Assets.xcassets; sourceTree = "<group>"; };
		BC2B9B49280D3F1E008B2AF4 /* Base */ = {isa = PBXFileReference; lastKnownFileType = file.storyboard; name = Base; path = Base.lproj/LaunchScreen.storyboard; sourceTree = "<group>"; };
		BC2B9B4B280D3F1E008B2AF4 /* Info.plist */ = {isa = PBXFileReference; lastKnownFileType = text.plist.xml; path = Info.plist; sourceTree = "<group>"; };
		BC2B9B52280D4033008B2AF4 /* TestSubscriber.swift */ = {isa = PBXFileReference; lastKnownFileType = sourcecode.swift; path = TestSubscriber.swift; sourceTree = "<group>"; };
		BC2B9B54280D403D008B2AF4 /* TestButton.swift */ = {isa = PBXFileReference; lastKnownFileType = sourcecode.swift; path = TestButton.swift; sourceTree = "<group>"; };
		BC2B9B56280D4058008B2AF4 /* UIControl+Combine.swift */ = {isa = PBXFileReference; lastKnownFileType = sourcecode.swift; path = "UIControl+Combine.swift"; sourceTree = "<group>"; };
		BC2B9B58280E4CEA008B2AF4 /* UIControEvent+ActionKey.swift */ = {isa = PBXFileReference; lastKnownFileType = sourcecode.swift; path = "UIControEvent+ActionKey.swift"; sourceTree = "<group>"; };
/* End PBXFileReference section */

/* Begin PBXFrameworksBuildPhase section */
		BC2B9B37280D3F1C008B2AF4 /* Frameworks */ = {
			isa = PBXFrameworksBuildPhase;
			buildActionMask = 2147483647;
			files = (
			);
			runOnlyForDeploymentPostprocessing = 0;
		};
/* End PBXFrameworksBuildPhase section */

/* Begin PBXGroup section */
		BC2B9B31280D3F1C008B2AF4 = {
			isa = PBXGroup;
			children = (
				BC2B9B3C280D3F1C008B2AF4 /* Combine-Memory */,
				BC2B9B3B280D3F1C008B2AF4 /* Products */,
			);
			sourceTree = "<group>";
		};
		BC2B9B3B280D3F1C008B2AF4 /* Products */ = {
			isa = PBXGroup;
			children = (
				BC2B9B3A280D3F1C008B2AF4 /* Combine-Memory.app */,
			);
			name = Products;
			sourceTree = "<group>";
		};
		BC2B9B3C280D3F1C008B2AF4 /* Combine-Memory */ = {
			isa = PBXGroup;
			children = (
				BC2B9B51280D3FE5008B2AF4 /* Ext */,
				BC2B9B3D280D3F1C008B2AF4 /* AppDelegate.swift */,
				BC2B9B3F280D3F1C008B2AF4 /* SceneDelegate.swift */,
				BC2B9B41280D3F1C008B2AF4 /* ViewController.swift */,
				BC2B9B52280D4033008B2AF4 /* TestSubscriber.swift */,
				BC2B9B54280D403D008B2AF4 /* TestButton.swift */,
				BC2B9B43280D3F1C008B2AF4 /* Main.storyboard */,
				BC2B9B46280D3F1E008B2AF4 /* Assets.xcassets */,
				BC2B9B48280D3F1E008B2AF4 /* LaunchScreen.storyboard */,
				BC2B9B4B280D3F1E008B2AF4 /* Info.plist */,
			);
			path = "Combine-Memory";
			sourceTree = "<group>";
		};
		BC2B9B51280D3FE5008B2AF4 /* Ext */ = {
			isa = PBXGroup;
			children = (
				BC2B9B56280D4058008B2AF4 /* UIControl+Combine.swift */,
				BC2B9B58280E4CEA008B2AF4 /* UIControEvent+ActionKey.swift */,
			);
			path = Ext;
			sourceTree = "<group>";
		};
/* End PBXGroup section */

/* Begin PBXNativeTarget section */
		BC2B9B39280D3F1C008B2AF4 /* Combine-Memory */ = {
			isa = PBXNativeTarget;
			buildConfigurationList = BC2B9B4E280D3F1E008B2AF4 /* Build configuration list for PBXNativeTarget "Combine-Memory" */;
			buildPhases = (
				BC2B9B36280D3F1C008B2AF4 /* Sources */,
				BC2B9B37280D3F1C008B2AF4 /* Frameworks */,
				BC2B9B38280D3F1C008B2AF4 /* Resources */,
			);
			buildRules = (
			);
			dependencies = (
			);
			name = "Combine-Memory";
			productName = "Combine-Memory";
			productReference = BC2B9B3A280D3F1C008B2AF4 /* Combine-Memory.app */;
			productType = "com.apple.product-type.application";
		};
/* End PBXNativeTarget section */

/* Begin PBXProject section */
		BC2B9B32280D3F1C008B2AF4 /* Project object */ = {
			isa = PBXProject;
			attributes = {
				BuildIndependentTargetsInParallel = 1;
				LastSwiftUpdateCheck = 1330;
				LastUpgradeCheck = 1330;
				TargetAttributes = {
					BC2B9B39280D3F1C008B2AF4 = {
						CreatedOnToolsVersion = 13.3;
					};
				};
			};
			buildConfigurationList = BC2B9B35280D3F1C008B2AF4 /* Build configuration list for PBXProject "Combine-Memory" */;
			compatibilityVersion = "Xcode 13.0";
			developmentRegion = en;
			hasScannedForEncodings = 0;
			knownRegions = (
				en,
				Base,
			);
			mainGroup = BC2B9B31280D3F1C008B2AF4;
			productRefGroup = BC2B9B3B280D3F1C008B2AF4 /* Products */;
			projectDirPath = "";
			projectRoot = "";
			targets = (
				BC2B9B39280D3F1C008B2AF4 /* Combine-Memory */,
			);
		};
/* End PBXProject section */

/* Begin PBXResourcesBuildPhase section */
		BC2B9B38280D3F1C008B2AF4 /* Resources */ = {
			isa = PBXResourcesBuildPhase;
			buildActionMask = 2147483647;
			files = (
				BC2B9B4A280D3F1E008B2AF4 /* LaunchScreen.storyboard in Resources */,
				BC2B9B47280D3F1E008B2AF4 /* Assets.xcassets in Resources */,
				BC2B9B45280D3F1C008B2AF4 /* Main.storyboard in Resources */,
			);
			runOnlyForDeploymentPostprocessing = 0;
		};
/* End PBXResourcesBuildPhase section */

/* Begin PBXSourcesBuildPhase section */
		BC2B9B36280D3F1C008B2AF4 /* Sources */ = {
			isa = PBXSourcesBuildPhase;
			buildActionMask = 2147483647;
			files = (
				BC2B9B55280D403D008B2AF4 /* TestButton.swift in Sources */,
				BC2B9B57280D4058008B2AF4 /* UIControl+Combine.swift in Sources */,
				BC2B9B42280D3F1C008B2AF4 /* ViewController.swift in Sources */,
				BC2B9B59280E4CEB008B2AF4 /* UIControEvent+ActionKey.swift in Sources */,
				BC2B9B3E280D3F1C008B2AF4 /* AppDelegate.swift in Sources */,
				BC2B9B40280D3F1C008B2AF4 /* SceneDelegate.swift in Sources */,
				BC2B9B53280D4033008B2AF4 /* TestSubscriber.swift in Sources */,
			);
			runOnlyForDeploymentPostprocessing = 0;
		};
/* End PBXSourcesBuildPhase section */

/* Begin PBXVariantGroup section */
		BC2B9B43280D3F1C008B2AF4 /* Main.storyboard */ = {
			isa = PBXVariantGroup;
			children = (
				BC2B9B44280D3F1C008B2AF4 /* Base */,
			);
			name = Main.storyboard;
			sourceTree = "<group>";
		};
		BC2B9B48280D3F1E008B2AF4 /* LaunchScreen.storyboard */ = {
			isa = PBXVariantGroup;
			children = (
				BC2B9B49280D3F1E008B2AF4 /* Base */,
			);
			name = LaunchScreen.storyboard;
			sourceTree = "<group>";
		};
/* End PBXVariantGroup section */

/* Begin XCBuildConfiguration section */
		BC2B9B4C280D3F1E008B2AF4 /* Debug */ = {
			isa = XCBuildConfiguration;
			buildSettings = {
				ALWAYS_SEARCH_USER_PATHS = NO;
				CLANG_ANALYZER_NONNULL = YES;
				CLANG_ANALYZER_NUMBER_OBJECT_CONVERSION = YES_AGGRESSIVE;
				CLANG_CXX_LANGUAGE_STANDARD = "gnu++17";
				CLANG_ENABLE_MODULES = YES;
				CLANG_ENABLE_OBJC_ARC = YES;
				CLANG_ENABLE_OBJC_WEAK = YES;
				CLANG_WARN_BLOCK_CAPTURE_AUTORELEASING = YES;
				CLANG_WARN_BOOL_CONVERSION = YES;
				CLANG_WARN_COMMA = YES;
				CLANG_WARN_CONSTANT_CONVERSION = YES;
				CLANG_WARN_DEPRECATED_OBJC_IMPLEMENTATIONS = YES;
				CLANG_WARN_DIRECT_OBJC_ISA_USAGE = YES_ERROR;
				CLANG_WARN_DOCUMENTATION_COMMENTS = YES;
				CLANG_WARN_EMPTY_BODY = YES;
				CLANG_WARN_ENUM_CONVERSION = YES;
				CLANG_WARN_INFINITE_RECURSION = YES;
				CLANG_WARN_INT_CONVERSION = YES;
				CLANG_WARN_NON_LITERAL_NULL_CONVERSION = YES;
				CLANG_WARN_OBJC_IMPLICIT_RETAIN_SELF = YES;
				CLANG_WARN_OBJC_LITERAL_CONVERSION = YES;
				CLANG_WARN_OBJC_ROOT_CLASS = YES_ERROR;
				CLANG_WARN_QUOTED_INCLUDE_IN_FRAMEWORK_HEADER = YES;
				CLANG_WARN_RANGE_LOOP_ANALYSIS = YES;
				CLANG_WARN_STRICT_PROTOTYPES = YES;
				CLANG_WARN_SUSPICIOUS_MOVE = YES;
				CLANG_WARN_UNGUARDED_AVAILABILITY = YES_AGGRESSIVE;
				CLANG_WARN_UNREACHABLE_CODE = YES;
				CLANG_WARN__DUPLICATE_METHOD_MATCH = YES;
				COPY_PHASE_STRIP = NO;
				DEBUG_INFORMATION_FORMAT = dwarf;
				ENABLE_STRICT_OBJC_MSGSEND = YES;
				ENABLE_TESTABILITY = YES;
				GCC_C_LANGUAGE_STANDARD = gnu11;
				GCC_DYNAMIC_NO_PIC = NO;
				GCC_NO_COMMON_BLOCKS = YES;
				GCC_OPTIMIZATION_LEVEL = 0;
				GCC_PREPROCESSOR_DEFINITIONS = (
					"DEBUG=1",
					"$(inherited)",
				);
				GCC_WARN_64_TO_32_BIT_CONVERSION = YES;
				GCC_WARN_ABOUT_RETURN_TYPE = YES_ERROR;
				GCC_WARN_UNDECLARED_SELECTOR = YES;
				GCC_WARN_UNINITIALIZED_AUTOS = YES_AGGRESSIVE;
				GCC_WARN_UNUSED_FUNCTION = YES;
				GCC_WARN_UNUSED_VARIABLE = YES;
				IPHONEOS_DEPLOYMENT_TARGET = 13.1;
				MTL_ENABLE_DEBUG_INFO = INCLUDE_SOURCE;
				MTL_FAST_MATH = YES;
				ONLY_ACTIVE_ARCH = YES;
				SDKROOT = iphoneos;
				SWIFT_ACTIVE_COMPILATION_CONDITIONS = DEBUG;
				SWIFT_OPTIMIZATION_LEVEL = "-Onone";
			};
			name = Debug;
		};
		BC2B9B4D280D3F1E008B2AF4 /* Release */ = {
			isa = XCBuildConfiguration;
			buildSettings = {
				ALWAYS_SEARCH_USER_PATHS = NO;
				CLANG_ANALYZER_NONNULL = YES;
				CLANG_ANALYZER_NUMBER_OBJECT_CONVERSION = YES_AGGRESSIVE;
				CLANG_CXX_LANGUAGE_STANDARD = "gnu++17";
				CLANG_ENABLE_MODULES = YES;
				CLANG_ENABLE_OBJC_ARC = YES;
				CLANG_ENABLE_OBJC_WEAK = YES;
				CLANG_WARN_BLOCK_CAPTURE_AUTORELEASING = YES;
				CLANG_WARN_BOOL_CONVERSION = YES;
				CLANG_WARN_COMMA = YES;
				CLANG_WARN_CONSTANT_CONVERSION = YES;
				CLANG_WARN_DEPRECATED_OBJC_IMPLEMENTATIONS = YES;
				CLANG_WARN_DIRECT_OBJC_ISA_USAGE = YES_ERROR;
				CLANG_WARN_DOCUMENTATION_COMMENTS = YES;
				CLANG_WARN_EMPTY_BODY = YES;
				CLANG_WARN_ENUM_CONVERSION = YES;
				CLANG_WARN_INFINITE_RECURSION = YES;
				CLANG_WARN_INT_CONVERSION = YES;
				CLANG_WARN_NON_LITERAL_NULL_CONVERSION = YES;
				CLANG_WARN_OBJC_IMPLICIT_RETAIN_SELF = YES;
				CLANG_WARN_OBJC_LITERAL_CONVERSION = YES;
				CLANG_WARN_OBJC_ROOT_CLASS = YES_ERROR;
				CLANG_WARN_QUOTED_INCLUDE_IN_FRAMEWORK_HEADER = YES;
				CLANG_WARN_RANGE_LOOP_ANALYSIS = YES;
				CLANG_WARN_STRICT_PROTOTYPES = YES;
				CLANG_WARN_SUSPICIOUS_MOVE = YES;
				CLANG_WARN_UNGUARDED_AVAILABILITY = YES_AGGRESSIVE;
				CLANG_WARN_UNREACHABLE_CODE = YES;
				CLANG_WARN__DUPLICATE_METHOD_MATCH = YES;
				COPY_PHASE_STRIP = NO;
				DEBUG_INFORMATION_FORMAT = "dwarf-with-dsym";
				ENABLE_NS_ASSERTIONS = NO;
				ENABLE_STRICT_OBJC_MSGSEND = YES;
				GCC_C_LANGUAGE_STANDARD = gnu11;
				GCC_NO_COMMON_BLOCKS = YES;
				GCC_WARN_64_TO_32_BIT_CONVERSION = YES;
				GCC_WARN_ABOUT_RETURN_TYPE = YES_ERROR;
				GCC_WARN_UNDECLARED_SELECTOR = YES;
				GCC_WARN_UNINITIALIZED_AUTOS = YES_AGGRESSIVE;
				GCC_WARN_UNUSED_FUNCTION = YES;
				GCC_WARN_UNUSED_VARIABLE = YES;
				IPHONEOS_DEPLOYMENT_TARGET = 13.1;
				MTL_ENABLE_DEBUG_INFO = NO;
				MTL_FAST_MATH = YES;
				SDKROOT = iphoneos;
				SWIFT_COMPILATION_MODE = wholemodule;
				SWIFT_OPTIMIZATION_LEVEL = "-O";
				VALIDATE_PRODUCT = YES;
			};
			name = Release;
		};
		BC2B9B4F280D3F1E008B2AF4 /* Debug */ = {
			isa = XCBuildConfiguration;
			buildSettings = {
				ASSETCATALOG_COMPILER_APPICON_NAME = AppIcon;
				ASSETCATALOG_COMPILER_GLOBAL_ACCENT_COLOR_NAME = AccentColor;
				CODE_SIGN_STYLE = Automatic;
				CURRENT_PROJECT_VERSION = 1;
				GENERATE_INFOPLIST_FILE = YES;
				INFOPLIST_FILE = "Combine-Memory/Info.plist";
				INFOPLIST_KEY_UIApplicationSupportsIndirectInputEvents = YES;
				INFOPLIST_KEY_UILaunchStoryboardName = LaunchScreen;
				INFOPLIST_KEY_UISupportedInterfaceOrientations = UIInterfaceOrientationPortrait;
				INFOPLIST_KEY_UISupportedInterfaceOrientations_iPad = "UIInterfaceOrientationPortrait UIInterfaceOrientationPortraitUpsideDown UIInterfaceOrientationLandscapeLeft UIInterfaceOrientationLandscapeRight";
				INFOPLIST_KEY_UISupportedInterfaceOrientations_iPhone = "UIInterfaceOrientationPortrait UIInterfaceOrientationLandscapeLeft UIInterfaceOrientationLandscapeRight";
				IPHONEOS_DEPLOYMENT_TARGET = 13.1;
				LD_RUNPATH_SEARCH_PATHS = (
					"$(inherited)",
					"@executable_path/Frameworks",
				);
				MARKETING_VERSION = 1.0;
				PRODUCT_BUNDLE_IDENTIFIER = "com.kun.interface.Combine-Memory";
				PRODUCT_NAME = "$(TARGET_NAME)";
				SWIFT_EMIT_LOC_STRINGS = YES;
				SWIFT_VERSION = 5.0;
				TARGETED_DEVICE_FAMILY = 1;
			};
			name = Debug;
		};
		BC2B9B50280D3F1E008B2AF4 /* Release */ = {
			isa = XCBuildConfiguration;
			buildSettings = {
				ASSETCATALOG_COMPILER_APPICON_NAME = AppIcon;
				ASSETCATALOG_COMPILER_GLOBAL_ACCENT_COLOR_NAME = AccentColor;
				CODE_SIGN_STYLE = Automatic;
				CURRENT_PROJECT_VERSION = 1;
				GENERATE_INFOPLIST_FILE = YES;
				INFOPLIST_FILE = "Combine-Memory/Info.plist";
				INFOPLIST_KEY_UIApplicationSupportsIndirectInputEvents = YES;
				INFOPLIST_KEY_UILaunchStoryboardName = LaunchScreen;
				INFOPLIST_KEY_UISupportedInterfaceOrientations = UIInterfaceOrientationPortrait;
				INFOPLIST_KEY_UISupportedInterfaceOrientations_iPad = "UIInterfaceOrientationPortrait UIInterfaceOrientationPortraitUpsideDown UIInterfaceOrientationLandscapeLeft UIInterfaceOrientationLandscapeRight";
				INFOPLIST_KEY_UISupportedInterfaceOrientations_iPhone = "UIInterfaceOrientationPortrait UIInterfaceOrientationLandscapeLeft UIInterfaceOrientationLandscapeRight";
				IPHONEOS_DEPLOYMENT_TARGET = 13.1;
				LD_RUNPATH_SEARCH_PATHS = (
					"$(inherited)",
					"@executable_path/Frameworks",
				);
				MARKETING_VERSION = 1.0;
				PRODUCT_BUNDLE_IDENTIFIER = "com.kun.interface.Combine-Memory";
				PRODUCT_NAME = "$(TARGET_NAME)";
				SWIFT_EMIT_LOC_STRINGS = YES;
				SWIFT_VERSION = 5.0;
				TARGETED_DEVICE_FAMILY = 1;
			};
			name = Release;
		};
/* End XCBuildConfiguration section */

/* Begin XCConfigurationList section */
		BC2B9B35280D3F1C008B2AF4 /* Build configuration list for PBXProject "Combine-Memory" */ = {
			isa = XCConfigurationList;
			buildConfigurations = (
				BC2B9B4C280D3F1E008B2AF4 /* Debug */,
				BC2B9B4D280D3F1E008B2AF4 /* Release */,
			);
			defaultConfigurationIsVisible = 0;
			defaultConfigurationName = Release;
		};
		BC2B9B4E280D3F1E008B2AF4 /* Build configuration list for PBXNativeTarget "Combine-Memory" */ = {
			isa = XCConfigurationList;
			buildConfigurations = (
				BC2B9B4F280D3F1E008B2AF4 /* Debug */,
				BC2B9B50280D3F1E008B2AF4 /* Release */,
			);
			defaultConfigurationIsVisible = 0;
			defaultConfigurationName = Release;
		};
/* End XCConfigurationList section */
	};
	rootObject = BC2B9B32280D3F1C008B2AF4 /* Project object */;
}
